// !$*UTF8*$!
{
	archiveVersion = 1;
	classes = {
	};
	objectVersion = 51;
	objects = {

/* Begin PBXBuildFile section */
		01AC3005155886E00489EA17 /* Pods_artbrush.framework in Frameworks */ = {isa = PBXBuildFile; fileRef = 6F2D3ED43D8577DBC2281FDC /* Pods_artbrush.framework */; };
		D9DA6FFA24B2755200FD3674 /* AppDelegate.swift in Sources */ = {isa = PBXBuildFile; fileRef = D9DA6FF924B2755200FD3674 /* AppDelegate.swift */; };
		D9DA6FFC24B2755200FD3674 /* SceneDelegate.swift in Sources */ = {isa = PBXBuildFile; fileRef = D9DA6FFB24B2755200FD3674 /* SceneDelegate.swift */; };
		D9DA6FFE24B2755200FD3674 /* ViewController.swift in Sources */ = {isa = PBXBuildFile; fileRef = D9DA6FFD24B2755200FD3674 /* ViewController.swift */; };
		D9DA700124B2755200FD3674 /* Main.storyboard in Resources */ = {isa = PBXBuildFile; fileRef = D9DA6FFF24B2755200FD3674 /* Main.storyboard */; };
		D9DA700324B2755400FD3674 /* Assets.xcassets in Resources */ = {isa = PBXBuildFile; fileRef = D9DA700224B2755400FD3674 /* Assets.xcassets */; };
		D9DA700624B2755400FD3674 /* LaunchScreen.storyboard in Resources */ = {isa = PBXBuildFile; fileRef = D9DA700424B2755400FD3674 /* LaunchScreen.storyboard */; };
		D9DA701024B275A500FD3674 /* GoogleService-Info.plist in Resources */ = {isa = PBXBuildFile; fileRef = D9DA700F24B275A500FD3674 /* GoogleService-Info.plist */; };
		D9DA701424B2768A00FD3674 /* Utilities.swift in Sources */ = {isa = PBXBuildFile; fileRef = D9DA701324B2768A00FD3674 /* Utilities.swift */; };
		D9DA701624B2769400FD3674 /* Constants.swift in Sources */ = {isa = PBXBuildFile; fileRef = D9DA701524B2769400FD3674 /* Constants.swift */; };
		D9DA701824B277BE00FD3674 /* HomeViewController.swift in Sources */ = {isa = PBXBuildFile; fileRef = D9DA701724B277BE00FD3674 /* HomeViewController.swift */; };
		D9DA701A24B277C900FD3674 /* SignUpViewController.swift in Sources */ = {isa = PBXBuildFile; fileRef = D9DA701924B277C900FD3674 /* SignUpViewController.swift */; };
		D9DA701C24B277D300FD3674 /* LoginViewController.swift in Sources */ = {isa = PBXBuildFile; fileRef = D9DA701B24B277D300FD3674 /* LoginViewController.swift */; };
/* End PBXBuildFile section */

/* Begin PBXFileReference section */
		06EEE6E910FC54AF9F9B2B36 /* Pods-artbrush.debug.xcconfig */ = {isa = PBXFileReference; includeInIndex = 1; lastKnownFileType = text.xcconfig; name = "Pods-artbrush.debug.xcconfig"; path = "Target Support Files/Pods-artbrush/Pods-artbrush.debug.xcconfig"; sourceTree = "<group>"; };
		6F2D3ED43D8577DBC2281FDC /* Pods_artbrush.framework */ = {isa = PBXFileReference; explicitFileType = wrapper.framework; includeInIndex = 0; path = Pods_artbrush.framework; sourceTree = BUILT_PRODUCTS_DIR; };
		A6C65273E229E76B45A4048B /* Pods-artbrush.release.xcconfig */ = {isa = PBXFileReference; includeInIndex = 1; lastKnownFileType = text.xcconfig; name = "Pods-artbrush.release.xcconfig"; path = "Target Support Files/Pods-artbrush/Pods-artbrush.release.xcconfig"; sourceTree = "<group>"; };
		D9DA6FF624B2755200FD3674 /* artbrush.app */ = {isa = PBXFileReference; explicitFileType = wrapper.application; includeInIndex = 0; path = artbrush.app; sourceTree = BUILT_PRODUCTS_DIR; };
		D9DA6FF924B2755200FD3674 /* AppDelegate.swift */ = {isa = PBXFileReference; lastKnownFileType = sourcecode.swift; path = AppDelegate.swift; sourceTree = "<group>"; };
		D9DA6FFB24B2755200FD3674 /* SceneDelegate.swift */ = {isa = PBXFileReference; lastKnownFileType = sourcecode.swift; path = SceneDelegate.swift; sourceTree = "<group>"; };
		D9DA6FFD24B2755200FD3674 /* ViewController.swift */ = {isa = PBXFileReference; lastKnownFileType = sourcecode.swift; path = ViewController.swift; sourceTree = "<group>"; };
		D9DA700024B2755200FD3674 /* Base */ = {isa = PBXFileReference; lastKnownFileType = file.storyboard; name = Base; path = Base.lproj/Main.storyboard; sourceTree = "<group>"; };
		D9DA700224B2755400FD3674 /* Assets.xcassets */ = {isa = PBXFileReference; lastKnownFileType = folder.assetcatalog; path = Assets.xcassets; sourceTree = "<group>"; };
		D9DA700524B2755400FD3674 /* Base */ = {isa = PBXFileReference; lastKnownFileType = file.storyboard; name = Base; path = Base.lproj/LaunchScreen.storyboard; sourceTree = "<group>"; };
		D9DA700724B2755400FD3674 /* Info.plist */ = {isa = PBXFileReference; lastKnownFileType = text.plist.xml; path = Info.plist; sourceTree = "<group>"; };
		D9DA700F24B275A500FD3674 /* GoogleService-Info.plist */ = {isa = PBXFileReference; fileEncoding = 4; lastKnownFileType = text.plist.xml; path = "GoogleService-Info.plist"; sourceTree = "<group>"; };
		D9DA701324B2768A00FD3674 /* Utilities.swift */ = {isa = PBXFileReference; lastKnownFileType = sourcecode.swift; path = Utilities.swift; sourceTree = "<group>"; };
		D9DA701524B2769400FD3674 /* Constants.swift */ = {isa = PBXFileReference; lastKnownFileType = sourcecode.swift; path = Constants.swift; sourceTree = "<group>"; };
		D9DA701724B277BE00FD3674 /* HomeViewController.swift */ = {isa = PBXFileReference; lastKnownFileType = sourcecode.swift; path = HomeViewController.swift; sourceTree = "<group>"; };
		D9DA701924B277C900FD3674 /* SignUpViewController.swift */ = {isa = PBXFileReference; lastKnownFileType = sourcecode.swift; path = SignUpViewController.swift; sourceTree = "<group>"; };
		D9DA701B24B277D300FD3674 /* LoginViewController.swift */ = {isa = PBXFileReference; lastKnownFileType = sourcecode.swift; path = LoginViewController.swift; sourceTree = "<group>"; };
/* End PBXFileReference section */

/* Begin PBXFrameworksBuildPhase section */
		D9DA6FF324B2755200FD3674 /* Frameworks */ = {
			isa = PBXFrameworksBuildPhase;
			buildActionMask = 2147483647;
			files = (
				01AC3005155886E00489EA17 /* Pods_artbrush.framework in Frameworks */,
			);
			runOnlyForDeploymentPostprocessing = 0;
		};
/* End PBXFrameworksBuildPhase section */

/* Begin PBXGroup section */
		280D34D8CC726B8FCA6AC95B /* Pods */ = {
			isa = PBXGroup;
			children = (
				06EEE6E910FC54AF9F9B2B36 /* Pods-artbrush.debug.xcconfig */,
				A6C65273E229E76B45A4048B /* Pods-artbrush.release.xcconfig */,
			);
			path = Pods;
			sourceTree = "<group>";
		};
		2E251F229E63C3905FC8255D /* Frameworks */ = {
			isa = PBXGroup;
			children = (
				6F2D3ED43D8577DBC2281FDC /* Pods_artbrush.framework */,
			);
			name = Frameworks;
			sourceTree = "<group>";
		};
		D9DA6FED24B2755200FD3674 = {
			isa = PBXGroup;
			children = (
				D9DA6FF824B2755200FD3674 /* artbrush */,
				D9DA6FF724B2755200FD3674 /* Products */,
				280D34D8CC726B8FCA6AC95B /* Pods */,
				2E251F229E63C3905FC8255D /* Frameworks */,
			);
			sourceTree = "<group>";
		};
		D9DA6FF724B2755200FD3674 /* Products */ = {
			isa = PBXGroup;
			children = (
				D9DA6FF624B2755200FD3674 /* artbrush.app */,
			);
			name = Products;
			sourceTree = "<group>";
		};
		D9DA6FF824B2755200FD3674 /* artbrush */ = {
			isa = PBXGroup;
			children = (
				D9DA6FF924B2755200FD3674 /* AppDelegate.swift */,
				D9DA6FFB24B2755200FD3674 /* SceneDelegate.swift */,
				D9DA701124B2765300FD3674 /* Helpers */,
				D9DA701224B2766100FD3674 /* View Controllers */,
				D9DA6FFF24B2755200FD3674 /* Main.storyboard */,
				D9DA700224B2755400FD3674 /* Assets.xcassets */,
				D9DA700424B2755400FD3674 /* LaunchScreen.storyboard */,
				D9DA700724B2755400FD3674 /* Info.plist */,
				D9DA700F24B275A500FD3674 /* GoogleService-Info.plist */,
			);
			path = artbrush;
			sourceTree = "<group>";
		};
		D9DA701124B2765300FD3674 /* Helpers */ = {
			isa = PBXGroup;
			children = (
				D9DA701324B2768A00FD3674 /* Utilities.swift */,
				D9DA701524B2769400FD3674 /* Constants.swift */,
			);
			path = Helpers;
			sourceTree = "<group>";
		};
		D9DA701224B2766100FD3674 /* View Controllers */ = {
			isa = PBXGroup;
			children = (
				D9DA701924B277C900FD3674 /* SignUpViewController.swift */,
				D9DA701B24B277D300FD3674 /* LoginViewController.swift */,
				D9DA701724B277BE00FD3674 /* HomeViewController.swift */,
				D9DA6FFD24B2755200FD3674 /* ViewController.swift */,
			);
			path = "View Controllers";
			sourceTree = "<group>";
		};
/* End PBXGroup section */

/* Begin PBXNativeTarget section */
		D9DA6FF524B2755200FD3674 /* artbrush */ = {
			isa = PBXNativeTarget;
			buildConfigurationList = D9DA700A24B2755400FD3674 /* Build configuration list for PBXNativeTarget "artbrush" */;
			buildPhases = (
				5F10742C445AC53D6FB2C12C /* [CP] Check Pods Manifest.lock */,
				D9DA6FF224B2755200FD3674 /* Sources */,
				D9DA6FF324B2755200FD3674 /* Frameworks */,
				D9DA6FF424B2755200FD3674 /* Resources */,
				2BF0ED257E1CC696F0E25BA8 /* [CP] Embed Pods Frameworks */,
			);
			buildRules = (
			);
			dependencies = (
			);
			name = artbrush;
			productName = artbrush;
			productReference = D9DA6FF624B2755200FD3674 /* artbrush.app */;
			productType = "com.apple.product-type.application";
		};
/* End PBXNativeTarget section */

/* Begin PBXProject section */
		D9DA6FEE24B2755200FD3674 /* Project object */ = {
			isa = PBXProject;
			attributes = {
				LastSwiftUpdateCheck = 1130;
				LastUpgradeCheck = 1130;
				ORGANIZATIONNAME = TonyDam;
				TargetAttributes = {
					D9DA6FF524B2755200FD3674 = {
						CreatedOnToolsVersion = 11.3.1;
					};
				};
			};
			buildConfigurationList = D9DA6FF124B2755200FD3674 /* Build configuration list for PBXProject "artbrush" */;
			compatibilityVersion = "Xcode 9.3";
			developmentRegion = en;
			hasScannedForEncodings = 0;
			knownRegions = (
				en,
				Base,
			);
			mainGroup = D9DA6FED24B2755200FD3674;
			productRefGroup = D9DA6FF724B2755200FD3674 /* Products */;
			projectDirPath = "";
			projectRoot = "";
			targets = (
				D9DA6FF524B2755200FD3674 /* artbrush */,
			);
		};
/* End PBXProject section */

/* Begin PBXResourcesBuildPhase section */
		D9DA6FF424B2755200FD3674 /* Resources */ = {
			isa = PBXResourcesBuildPhase;
			buildActionMask = 2147483647;
			files = (
				D9DA700624B2755400FD3674 /* LaunchScreen.storyboard in Resources */,
				D9DA701024B275A500FD3674 /* GoogleService-Info.plist in Resources */,
				D9DA700324B2755400FD3674 /* Assets.xcassets in Resources */,
				D9DA700124B2755200FD3674 /* Main.storyboard in Resources */,
			);
			runOnlyForDeploymentPostprocessing = 0;
		};
/* End PBXResourcesBuildPhase section */

/* Begin PBXShellScriptBuildPhase section */
		2BF0ED257E1CC696F0E25BA8 /* [CP] Embed Pods Frameworks */ = {
			isa = PBXShellScriptBuildPhase;
			buildActionMask = 2147483647;
			files = (
			);
			inputFileListPaths = (
				"${PODS_ROOT}/Target Support Files/Pods-artbrush/Pods-artbrush-frameworks-${CONFIGURATION}-input-files.xcfilelist",
			);
			name = "[CP] Embed Pods Frameworks";
			outputFileListPaths = (
				"${PODS_ROOT}/Target Support Files/Pods-artbrush/Pods-artbrush-frameworks-${CONFIGURATION}-output-files.xcfilelist",
			);
			runOnlyForDeploymentPostprocessing = 0;
			shellPath = /bin/sh;
			shellScript = "\"${PODS_ROOT}/Target Support Files/Pods-artbrush/Pods-artbrush-frameworks.sh\"\n";
			showEnvVarsInLog = 0;
		};
		5F10742C445AC53D6FB2C12C /* [CP] Check Pods Manifest.lock */ = {
			isa = PBXShellScriptBuildPhase;
			buildActionMask = 2147483647;
			files = (
			);
			inputFileListPaths = (
			);
			inputPaths = (
				"${PODS_PODFILE_DIR_PATH}/Podfile.lock",
				"${PODS_ROOT}/Manifest.lock",
			);
			name = "[CP] Check Pods Manifest.lock";
			outputFileListPaths = (
			);
			outputPaths = (
				"$(DERIVED_FILE_DIR)/Pods-artbrush-checkManifestLockResult.txt",
			);
			runOnlyForDeploymentPostprocessing = 0;
			shellPath = /bin/sh;
			shellScript = "diff \"${PODS_PODFILE_DIR_PATH}/Podfile.lock\" \"${PODS_ROOT}/Manifest.lock\" > /dev/null\nif [ $? != 0 ] ; then\n    # print error to STDERR\n    echo \"error: The sandbox is not in sync with the Podfile.lock. Run 'pod install' or update your CocoaPods installation.\" >&2\n    exit 1\nfi\n# This output is used by Xcode 'outputs' to avoid re-running this script phase.\necho \"SUCCESS\" > \"${SCRIPT_OUTPUT_FILE_0}\"\n";
			showEnvVarsInLog = 0;
		};
/* End PBXShellScriptBuildPhase section */

/* Begin PBXSourcesBuildPhase section */
		D9DA6FF224B2755200FD3674 /* Sources */ = {
			isa = PBXSourcesBuildPhase;
			buildActionMask = 2147483647;
			files = (
				D9DA701624B2769400FD3674 /* Constants.swift in Sources */,
				D9DA701A24B277C900FD3674 /* SignUpViewController.swift in Sources */,
				D9DA6FFE24B2755200FD3674 /* ViewController.swift in Sources */,
				D9DA6FFA24B2755200FD3674 /* AppDelegate.swift in Sources */,
				D9DA701C24B277D300FD3674 /* LoginViewController.swift in Sources */,
				D9DA701424B2768A00FD3674 /* Utilities.swift in Sources */,
				D9DA6FFC24B2755200FD3674 /* SceneDelegate.swift in Sources */,
				D9DA701824B277BE00FD3674 /* HomeViewController.swift in Sources */,
			);
			runOnlyForDeploymentPostprocessing = 0;
		};
/* End PBXSourcesBuildPhase section */

/* Begin PBXVariantGroup section */
		D9DA6FFF24B2755200FD3674 /* Main.storyboard */ = {
			isa = PBXVariantGroup;
			children = (
				D9DA700024B2755200FD3674 /* Base */,
			);
			name = Main.storyboard;
			sourceTree = "<group>";
		};
		D9DA700424B2755400FD3674 /* LaunchScreen.storyboard */ = {
			isa = PBXVariantGroup;
			children = (
				D9DA700524B2755400FD3674 /* Base */,
			);
			name = LaunchScreen.storyboard;
			sourceTree = "<group>";
		};
/* End PBXVariantGroup section */

/* Begin XCBuildConfiguration section */
		D9DA700824B2755400FD3674 /* Debug */ = {
			isa = XCBuildConfiguration;
			buildSettings = {
				ALWAYS_SEARCH_USER_PATHS = NO;
				CLANG_ANALYZER_NONNULL = YES;
				CLANG_ANALYZER_NUMBER_OBJECT_CONVERSION = YES_AGGRESSIVE;
				CLANG_CXX_LANGUAGE_STANDARD = "gnu++14";
				CLANG_CXX_LIBRARY = "libc++";
				CLANG_ENABLE_MODULES = YES;
				CLANG_ENABLE_OBJC_ARC = YES;
				CLANG_ENABLE_OBJC_WEAK = YES;
				CLANG_WARN_BLOCK_CAPTURE_AUTORELEASING = YES;
				CLANG_WARN_BOOL_CONVERSION = YES;
				CLANG_WARN_COMMA = YES;
				CLANG_WARN_CONSTANT_CONVERSION = YES;
				CLANG_WARN_DEPRECATED_OBJC_IMPLEMENTATIONS = YES;
				CLANG_WARN_DIRECT_OBJC_ISA_USAGE = YES_ERROR;
				CLANG_WARN_DOCUMENTATION_COMMENTS = YES;
				CLANG_WARN_EMPTY_BODY = YES;
				CLANG_WARN_ENUM_CONVERSION = YES;
				CLANG_WARN_INFINITE_RECURSION = YES;
				CLANG_WARN_INT_CONVERSION = YES;
				CLANG_WARN_NON_LITERAL_NULL_CONVERSION = YES;
				CLANG_WARN_OBJC_IMPLICIT_RETAIN_SELF = YES;
				CLANG_WARN_OBJC_LITERAL_CONVERSION = YES;
				CLANG_WARN_OBJC_ROOT_CLASS = YES_ERROR;
				CLANG_WARN_RANGE_LOOP_ANALYSIS = YES;
				CLANG_WARN_STRICT_PROTOTYPES = YES;
				CLANG_WARN_SUSPICIOUS_MOVE = YES;
				CLANG_WARN_UNGUARDED_AVAILABILITY = YES_AGGRESSIVE;
				CLANG_WARN_UNREACHABLE_CODE = YES;
				CLANG_WARN__DUPLICATE_METHOD_MATCH = YES;
				COPY_PHASE_STRIP = NO;
				DEBUG_INFORMATION_FORMAT = dwarf;
				ENABLE_STRICT_OBJC_MSGSEND = YES;
				ENABLE_TESTABILITY = YES;
				GCC_C_LANGUAGE_STANDARD = gnu11;
				GCC_DYNAMIC_NO_PIC = NO;
				GCC_NO_COMMON_BLOCKS = YES;
				GCC_OPTIMIZATION_LEVEL = 0;
				GCC_PREPROCESSOR_DEFINITIONS = (
					"DEBUG=1",
					"$(inherited)",
				);
				GCC_WARN_64_TO_32_BIT_CONVERSION = YES;
				GCC_WARN_ABOUT_RETURN_TYPE = YES_ERROR;
				GCC_WARN_UNDECLARED_SELECTOR = YES;
				GCC_WARN_UNINITIALIZED_AUTOS = YES_AGGRESSIVE;
				GCC_WARN_UNUSED_FUNCTION = YES;
				GCC_WARN_UNUSED_VARIABLE = YES;
				IPHONEOS_DEPLOYMENT_TARGET = 13.2;
				MTL_ENABLE_DEBUG_INFO = INCLUDE_SOURCE;
				MTL_FAST_MATH = YES;
				ONLY_ACTIVE_ARCH = YES;
				SDKROOT = iphoneos;
				SWIFT_ACTIVE_COMPILATION_CONDITIONS = DEBUG;
				SWIFT_OPTIMIZATION_LEVEL = "-Onone";
			};
			name = Debug;
		};
		D9DA700924B2755400FD3674 /* Release */ = {
			isa = XCBuildConfiguration;
			buildSettings = {
				ALWAYS_SEARCH_USER_PATHS = NO;
				CLANG_ANALYZER_NONNULL = YES;
				CLANG_ANALYZER_NUMBER_OBJECT_CONVERSION = YES_AGGRESSIVE;
				CLANG_CXX_LANGUAGE_STANDARD = "gnu++14";
				CLANG_CXX_LIBRARY = "libc++";
				CLANG_ENABLE_MODULES = YES;
				CLANG_ENABLE_OBJC_ARC = YES;
				CLANG_ENABLE_OBJC_WEAK = YES;
				CLANG_WARN_BLOCK_CAPTURE_AUTORELEASING = YES;
				CLANG_WARN_BOOL_CONVERSION = YES;
				CLANG_WARN_COMMA = YES;
				CLANG_WARN_CONSTANT_CONVERSION = YES;
				CLANG_WARN_DEPRECATED_OBJC_IMPLEMENTATIONS = YES;
				CLANG_WARN_DIRECT_OBJC_ISA_USAGE = YES_ERROR;
				CLANG_WARN_DOCUMENTATION_COMMENTS = YES;
				CLANG_WARN_EMPTY_BODY = YES;
				CLANG_WARN_ENUM_CONVERSION = YES;
				CLANG_WARN_INFINITE_RECURSION = YES;
				CLANG_WARN_INT_CONVERSION = YES;
				CLANG_WARN_NON_LITERAL_NULL_CONVERSION = YES;
				CLANG_WARN_OBJC_IMPLICIT_RETAIN_SELF = YES;
				CLANG_WARN_OBJC_LITERAL_CONVERSION = YES;
				CLANG_WARN_OBJC_ROOT_CLASS = YES_ERROR;
				CLANG_WARN_RANGE_LOOP_ANALYSIS = YES;
				CLANG_WARN_STRICT_PROTOTYPES = YES;
				CLANG_WARN_SUSPICIOUS_MOVE = YES;
				CLANG_WARN_UNGUARDED_AVAILABILITY = YES_AGGRESSIVE;
				CLANG_WARN_UNREACHABLE_CODE = YES;
				CLANG_WARN__DUPLICATE_METHOD_MATCH = YES;
				COPY_PHASE_STRIP = NO;
				DEBUG_INFORMATION_FORMAT = "dwarf-with-dsym";
				ENABLE_NS_ASSERTIONS = NO;
				ENABLE_STRICT_OBJC_MSGSEND = YES;
				GCC_C_LANGUAGE_STANDARD = gnu11;
				GCC_NO_COMMON_BLOCKS = YES;
				GCC_WARN_64_TO_32_BIT_CONVERSION = YES;
				GCC_WARN_ABOUT_RETURN_TYPE = YES_ERROR;
				GCC_WARN_UNDECLARED_SELECTOR = YES;
				GCC_WARN_UNINITIALIZED_AUTOS = YES_AGGRESSIVE;
				GCC_WARN_UNUSED_FUNCTION = YES;
				GCC_WARN_UNUSED_VARIABLE = YES;
				IPHONEOS_DEPLOYMENT_TARGET = 13.2;
				MTL_ENABLE_DEBUG_INFO = NO;
				MTL_FAST_MATH = YES;
				SDKROOT = iphoneos;
				SWIFT_COMPILATION_MODE = wholemodule;
				SWIFT_OPTIMIZATION_LEVEL = "-O";
				VALIDATE_PRODUCT = YES;
			};
			name = Release;
		};
		D9DA700B24B2755400FD3674 /* Debug */ = {
			isa = XCBuildConfiguration;
			baseConfigurationReference = 06EEE6E910FC54AF9F9B2B36 /* Pods-artbrush.debug.xcconfig */;
			buildSettings = {
				ASSETCATALOG_COMPILER_APPICON_NAME = AppIcon;
				CODE_SIGN_STYLE = Automatic;
				DEVELOPMENT_TEAM = TLFB3V7A8L;
				INFOPLIST_FILE = artbrush/Info.plist;
				LD_RUNPATH_SEARCH_PATHS = (
					"$(inherited)",
					"@executable_path/Frameworks",
				);
				PRODUCT_BUNDLE_IDENTIFIER = fr.tonydam.artbrush;
				PRODUCT_NAME = "$(TARGET_NAME)";
				SWIFT_VERSION = 5.0;
				TARGETED_DEVICE_FAMILY = "1,2";
			};
			name = Debug;
		};
		D9DA700C24B2755400FD3674 /* Release */ = {
			isa = XCBuildConfiguration;
			baseConfigurationReference = A6C65273E229E76B45A4048B /* Pods-artbrush.release.xcconfig */;
			buildSettings = {
				ASSETCATALOG_COMPILER_APPICON_NAME = AppIcon;
				CODE_SIGN_STYLE = Automatic;
				DEVELOPMENT_TEAM = TLFB3V7A8L;
				INFOPLIST_FILE = artbrush/Info.plist;
				LD_RUNPATH_SEARCH_PATHS = (
					"$(inherited)",
					"@executable_path/Frameworks",
				);
				PRODUCT_BUNDLE_IDENTIFIER = fr.tonydam.artbrush;
				PRODUCT_NAME = "$(TARGET_NAME)";
				SWIFT_VERSION = 5.0;
				TARGETED_DEVICE_FAMILY = "1,2";
			};
			name = Release;
		};
/* End XCBuildConfiguration section */

/* Begin XCConfigurationList section */
		D9DA6FF124B2755200FD3674 /* Build configuration list for PBXProject "artbrush" */ = {
			isa = XCConfigurationList;
			buildConfigurations = (
				D9DA700824B2755400FD3674 /* Debug */,
				D9DA700924B2755400FD3674 /* Release */,
			);
			defaultConfigurationIsVisible = 0;
			defaultConfigurationName = Release;
		};
		D9DA700A24B2755400FD3674 /* Build configuration list for PBXNativeTarget "artbrush" */ = {
			isa = XCConfigurationList;
			buildConfigurations = (
				D9DA700B24B2755400FD3674 /* Debug */,
				D9DA700C24B2755400FD3674 /* Release */,
			);
			defaultConfigurationIsVisible = 0;
			defaultConfigurationName = Release;
		};
/* End XCConfigurationList section */
	};
	rootObject = D9DA6FEE24B2755200FD3674 /* Project object */;
}
